// !$*UTF8*$!
{
	archiveVersion = 1;
	classes = {
	};
	objectVersion = 77;
	objects = {

/* Begin PBXFileReference section */
		C595AFC62E03E0D400AB2256 /* a1.cpp */ = {isa = PBXFileReference; lastKnownFileType = sourcecode.cpp.cpp; path = a1.cpp; sourceTree = "<group>"; };
/* End PBXFileReference section */

/* Begin PBXGroup section */
		C595AFBF2E03E0CA00AB2256 = {
			isa = PBXGroup;
			children = (
				C595AFC62E03E0D400AB2256 /* a1.cpp */,
			);
			sourceTree = "<group>";
		};
/* End PBXGroup section */

/* Begin PBXProject section */
		C595AFC02E03E0CA00AB2256 /* Project object */ = {
			isa = PBXProject;
			attributes = {
				BuildIndependentTargetsInParallel = 1;
				LastUpgradeCheck = 1620;
			};
			buildConfigurationList = C595AFC32E03E0CA00AB2256 /* Build configuration list for PBXProject "abc" */;
			developmentRegion = en;
			hasScannedForEncodings = 0;
			knownRegions = (
				en,
				Base,
			);
			mainGroup = C595AFBF2E03E0CA00AB2256;
			minimizedProjectReferenceProxies = 1;
			preferredProjectObjectVersion = 77;
			projectDirPath = "";
			projectRoot = "";
			targets = (
			);
		};
/* End PBXProject section */

/* Begin XCBuildConfiguration section */
		C595AFC42E03E0CA00AB2256 /* Debug */ = {
			isa = XCBuildConfiguration;
			buildSettings = {
			};
			name = Debug;
		};
		C595AFC52E03E0CA00AB2256 /* Release */ = {
			isa = XCBuildConfiguration;
			buildSettings = {
			};
			name = Release;
		};
/* End XCBuildConfiguration section */

/* Begin XCConfigurationList section */
		C595AFC32E03E0CA00AB2256 /* Build configuration list for PBXProject "abc" */ = {
			isa = XCConfigurationList;
			buildConfigurations = (
				C595AFC42E03E0CA00AB2256 /* Debug */,
				C595AFC52E03E0CA00AB2256 /* Release */,
			);
			defaultConfigurationIsVisible = 0;
			defaultConfigurationName = Release;
		};
/* End XCConfigurationList section */
	};
	rootObject = C595AFC02E03E0CA00AB2256 /* Project object */;
}
